
Microsoft Visual Studio Solution File, Format Version 12.00
# Visual Studio Version 17
VisualStudioVersion = 17.7.34221.43
MinimumVisualStudioVersion = 10.0.40219.1
Project("{2150E333-8FDC-42A3-9474-1A3956D46DE8}") = "Services", "Services", "{42973F50-66CD-452A-9F51-8094B6ADFB6B}"
EndProject
Project("{2150E333-8FDC-42A3-9474-1A3956D46DE8}") = "Catalog", "Catalog", "{15E2762F-DD74-4F0D-8811-2E008AD9D37B}"
EndProject
Project("{9A19103F-16F7-4668-BE54-9A1E7A4F7556}") = "Catalog.API", "Services\Catalog\Catalog.API\Catalog.API.csproj", "{C57094AC-CF34-4239-A693-6362E2511F0A}"
EndProject
Project("{2150E333-8FDC-42A3-9474-1A3956D46DE8}") = "BuildingBlocks", "BuildingBlocks", "{10EB4C29-01DD-4F87-B10D-C8CF330C7B13}"
EndProject
Project("{9A19103F-16F7-4668-BE54-9A1E7A4F7556}") = "BuildingBlocks", "BuildingBlocks\BuildingBlocks\BuildingBlocks.csproj", "{0321022F-1067-4E3D-A140-0357A6DFECBB}"
EndProject
Project("{E53339B2-1760-4266-BCC7-CA923CBCF16C}") = "docker-compose", "docker-compose.dcproj", "{DD9974EC-B0BD-4F40-A6F3-A249D6371890}"
EndProject
Project("{2150E333-8FDC-42A3-9474-1A3956D46DE8}") = "Basket", "Basket", "{C4B67F2E-0731-4051-A929-9D4682394447}"
EndProject
Project("{9A19103F-16F7-4668-BE54-9A1E7A4F7556}") = "Basket.API", "Services\Basket\Basket.API\Basket.API.csproj", "{A3C5FC2C-CA72-4360-A899-6E8A1ED36A44}"
EndProject
Project("{2150E333-8FDC-42A3-9474-1A3956D46DE8}") = "Discount", "Discount", "{1F997DA3-9A10-4C3C-98BB-B02114BBA90F}"
EndProject
Project("{9A19103F-16F7-4668-BE54-9A1E7A4F7556}") = "Discount.API", "Services\Discount\Discount.API\Discount.API.csproj", "{7538FFF0-3372-44EE-9542-4C8AC0E2B86D}"
EndProject
Project("{2150E333-8FDC-42A3-9474-1A3956D46DE8}") = "Ordering", "Ordering", "{31078493-0E4F-40EE-8868-A538FE3B2582}"
EndProject
Project("{9A19103F-16F7-4668-BE54-9A1E7A4F7556}") = "Ordering.API", "Services\Ordering\Ordering.API\Ordering.API.csproj", "{6BFF9F29-0C23-47E1-BFC2-D9853F9C6655}"
EndProject
Project("{9A19103F-16F7-4668-BE54-9A1E7A4F7556}") = "Ordering.Domain", "Services\Ordering\Ordering.Domain\Ordering.Domain.csproj", "{2295F6D7-D37B-41D1-B479-619FB14E0E87}"
EndProject
Project("{9A19103F-16F7-4668-BE54-9A1E7A4F7556}") = "Ordering.Application", "Services\Ordering\Ordering.Application\Ordering.Application.csproj", "{DE827C6A-4A3B-41B7-89E7-2F6C9EDF042B}"
EndProject
Project("{9A19103F-16F7-4668-BE54-9A1E7A4F7556}") = "Ordering.Infrastructure", "Services\Ordering\Ordering.Infrastructure\Ordering.Infrastructure.csproj", "{BF485507-19DD-4696-BBFB-87003A65032D}"
EndProject
Project("{FAE04EC0-301F-11D3-BF4B-00C04F79EFBC}") = "BuildingBlocks.Messaging", "BuildingBlocks\BuildingBlocks.Messaging\BuildingBlocks.Messaging.csproj", "{91AF97A0-7DBA-4C5D-BA1E-5D0F644EBE7E}"
EndProject
Global
	GlobalSection(SolutionConfigurationPlatforms) = preSolution
		Debug|Any CPU = Debug|Any CPU
		Release|Any CPU = Release|Any CPU
	EndGlobalSection
	GlobalSection(ProjectConfigurationPlatforms) = postSolution
		{C57094AC-CF34-4239-A693-6362E2511F0A}.Debug|Any CPU.ActiveCfg = Debug|Any CPU
		{C57094AC-CF34-4239-A693-6362E2511F0A}.Debug|Any CPU.Build.0 = Debug|Any CPU
		{C57094AC-CF34-4239-A693-6362E2511F0A}.Release|Any CPU.ActiveCfg = Release|Any CPU
		{C57094AC-CF34-4239-A693-6362E2511F0A}.Release|Any CPU.Build.0 = Release|Any CPU
		{0321022F-1067-4E3D-A140-0357A6DFECBB}.Debug|Any CPU.ActiveCfg = Debug|Any CPU
		{0321022F-1067-4E3D-A140-0357A6DFECBB}.Debug|Any CPU.Build.0 = Debug|Any CPU
		{0321022F-1067-4E3D-A140-0357A6DFECBB}.Release|Any CPU.ActiveCfg = Release|Any CPU
		{0321022F-1067-4E3D-A140-0357A6DFECBB}.Release|Any CPU.Build.0 = Release|Any CPU
		{DD9974EC-B0BD-4F40-A6F3-A249D6371890}.Debug|Any CPU.ActiveCfg = Debug|Any CPU
		{DD9974EC-B0BD-4F40-A6F3-A249D6371890}.Debug|Any CPU.Build.0 = Debug|Any CPU
		{DD9974EC-B0BD-4F40-A6F3-A249D6371890}.Release|Any CPU.ActiveCfg = Release|Any CPU
		{DD9974EC-B0BD-4F40-A6F3-A249D6371890}.Release|Any CPU.Build.0 = Release|Any CPU
		{A3C5FC2C-CA72-4360-A899-6E8A1ED36A44}.Debug|Any CPU.ActiveCfg = Debug|Any CPU
		{A3C5FC2C-CA72-4360-A899-6E8A1ED36A44}.Debug|Any CPU.Build.0 = Debug|Any CPU
		{A3C5FC2C-CA72-4360-A899-6E8A1ED36A44}.Release|Any CPU.ActiveCfg = Release|Any CPU
		{A3C5FC2C-CA72-4360-A899-6E8A1ED36A44}.Release|Any CPU.Build.0 = Release|Any CPU
		{7538FFF0-3372-44EE-9542-4C8AC0E2B86D}.Debug|Any CPU.ActiveCfg = Debug|Any CPU
		{7538FFF0-3372-44EE-9542-4C8AC0E2B86D}.Debug|Any CPU.Build.0 = Debug|Any CPU
		{7538FFF0-3372-44EE-9542-4C8AC0E2B86D}.Release|Any CPU.ActiveCfg = Release|Any CPU
		{7538FFF0-3372-44EE-9542-4C8AC0E2B86D}.Release|Any CPU.Build.0 = Release|Any CPU
		{6BFF9F29-0C23-47E1-BFC2-D9853F9C6655}.Debug|Any CPU.ActiveCfg = Debug|Any CPU
		{6BFF9F29-0C23-47E1-BFC2-D9853F9C6655}.Debug|Any CPU.Build.0 = Debug|Any CPU
		{6BFF9F29-0C23-47E1-BFC2-D9853F9C6655}.Release|Any CPU.ActiveCfg = Release|Any CPU
		{6BFF9F29-0C23-47E1-BFC2-D9853F9C6655}.Release|Any CPU.Build.0 = Release|Any CPU
		{2295F6D7-D37B-41D1-B479-619FB14E0E87}.Debug|Any CPU.ActiveCfg = Debug|Any CPU
		{2295F6D7-D37B-41D1-B479-619FB14E0E87}.Debug|Any CPU.Build.0 = Debug|Any CPU
		{2295F6D7-D37B-41D1-B479-619FB14E0E87}.Release|Any CPU.ActiveCfg = Release|Any CPU
		{2295F6D7-D37B-41D1-B479-619FB14E0E87}.Release|Any CPU.Build.0 = Release|Any CPU
		{DE827C6A-4A3B-41B7-89E7-2F6C9EDF042B}.Debug|Any CPU.ActiveCfg = Debug|Any CPU
		{DE827C6A-4A3B-41B7-89E7-2F6C9EDF042B}.Debug|Any CPU.Build.0 = Debug|Any CPU
		{DE827C6A-4A3B-41B7-89E7-2F6C9EDF042B}.Release|Any CPU.ActiveCfg = Release|Any CPU
		{DE827C6A-4A3B-41B7-89E7-2F6C9EDF042B}.Release|Any CPU.Build.0 = Release|Any CPU
		{BF485507-19DD-4696-BBFB-87003A65032D}.Debug|Any CPU.ActiveCfg = Debug|Any CPU
		{BF485507-19DD-4696-BBFB-87003A65032D}.Debug|Any CPU.Build.0 = Debug|Any CPU
		{BF485507-19DD-4696-BBFB-87003A65032D}.Release|Any CPU.ActiveCfg = Release|Any CPU
		{BF485507-19DD-4696-BBFB-87003A65032D}.Release|Any CPU.Build.0 = Release|Any CPU
		{91AF97A0-7DBA-4C5D-BA1E-5D0F644EBE7E}.Debug|Any CPU.ActiveCfg = Debug|Any CPU
		{91AF97A0-7DBA-4C5D-BA1E-5D0F644EBE7E}.Debug|Any CPU.Build.0 = Debug|Any CPU
		{91AF97A0-7DBA-4C5D-BA1E-5D0F644EBE7E}.Release|Any CPU.ActiveCfg = Release|Any CPU
		{91AF97A0-7DBA-4C5D-BA1E-5D0F644EBE7E}.Release|Any CPU.Build.0 = Release|Any CPU
	EndGlobalSection
	GlobalSection(SolutionProperties) = preSolution
		HideSolutionNode = FALSE
	EndGlobalSection
	GlobalSection(NestedProjects) = preSolution
		{15E2762F-DD74-4F0D-8811-2E008AD9D37B} = {42973F50-66CD-452A-9F51-8094B6ADFB6B}
		{C57094AC-CF34-4239-A693-6362E2511F0A} = {15E2762F-DD74-4F0D-8811-2E008AD9D37B}
		{0321022F-1067-4E3D-A140-0357A6DFECBB} = {10EB4C29-01DD-4F87-B10D-C8CF330C7B13}
		{C4B67F2E-0731-4051-A929-9D4682394447} = {42973F50-66CD-452A-9F51-8094B6ADFB6B}
		{A3C5FC2C-CA72-4360-A899-6E8A1ED36A44} = {C4B67F2E-0731-4051-A929-9D4682394447}
		{1F997DA3-9A10-4C3C-98BB-B02114BBA90F} = {42973F50-66CD-452A-9F51-8094B6ADFB6B}
		{7538FFF0-3372-44EE-9542-4C8AC0E2B86D} = {1F997DA3-9A10-4C3C-98BB-B02114BBA90F}
		{31078493-0E4F-40EE-8868-A538FE3B2582} = {42973F50-66CD-452A-9F51-8094B6ADFB6B}
		{6BFF9F29-0C23-47E1-BFC2-D9853F9C6655} = {31078493-0E4F-40EE-8868-A538FE3B2582}
		{2295F6D7-D37B-41D1-B479-619FB14E0E87} = {31078493-0E4F-40EE-8868-A538FE3B2582}
		{DE827C6A-4A3B-41B7-89E7-2F6C9EDF042B} = {31078493-0E4F-40EE-8868-A538FE3B2582}
		{BF485507-19DD-4696-BBFB-87003A65032D} = {31078493-0E4F-40EE-8868-A538FE3B2582}
		{91AF97A0-7DBA-4C5D-BA1E-5D0F644EBE7E} = {10EB4C29-01DD-4F87-B10D-C8CF330C7B13}
	EndGlobalSection
	GlobalSection(ExtensibilityGlobals) = postSolution
		SolutionGuid = {37948414-DE2F-4F12-A112-7EB6982A1FAF}
	EndGlobalSection
EndGlobal
