
Microsoft Visual Studio Solution File, Format Version 12.00
# Visual Studio Version 17
VisualStudioVersion = 17.7.34221.43
MinimumVisualStudioVersion = 10.0.40219.1
Project("{2150E333-8FDC-42A3-9474-1A3956D46DE8}") = "Services", "Services", "{42973F50-66CD-452A-9F51-8094B6ADFB6B}"
EndProject
Project("{2150E333-8FDC-42A3-9474-1A3956D46DE8}") = "Catalog", "Catalog", "{15E2762F-DD74-4F0D-8811-2E008AD9D37B}"
EndProject
Project("{9A19103F-16F7-4668-BE54-9A1E7A4F7556}") = "Catalog.API", "Services\Catalog\Catalog.API\Catalog.API.csproj", "{C57094AC-CF34-4239-A693-6362E2511F0A}"
EndProject
Project("{2150E333-8FDC-42A3-9474-1A3956D46DE8}") = "BuildingBlocks", "BuildingBlocks", "{10EB4C29-01DD-4F87-B10D-C8CF330C7B13}"
EndProject
Project("{FAE04EC0-301F-11D3-BF4B-00C04F79EFBC}") = "BuildingBlocks", "BuildingBlocks\BuildingBlocks\BuildingBlocks.csproj", "{0321022F-1067-4E3D-A140-0357A6DFECBB}"
EndProject
Project("{E53339B2-1760-4266-BCC7-CA923CBCF16C}") = "docker-compose", "docker-compose.dcproj", "{DD9974EC-B0BD-4F40-A6F3-A249D6371890}"
EndProject
Global
	GlobalSection(SolutionConfigurationPlatforms) = preSolution
		Debug|Any CPU = Debug|Any CPU
		Release|Any CPU = Release|Any CPU
	EndGlobalSection
	GlobalSection(ProjectConfigurationPlatforms) = postSolution
		{C57094AC-CF34-4239-A693-6362E2511F0A}.Debug|Any CPU.ActiveCfg = Debug|Any CPU
		{C57094AC-CF34-4239-A693-6362E2511F0A}.Debug|Any CPU.Build.0 = Debug|Any CPU
		{C57094AC-CF34-4239-A693-6362E2511F0A}.Release|Any CPU.ActiveCfg = Release|Any CPU
		{C57094AC-CF34-4239-A693-6362E2511F0A}.Release|Any CPU.Build.0 = Release|Any CPU
		{0321022F-1067-4E3D-A140-0357A6DFECBB}.Debug|Any CPU.ActiveCfg = Debug|Any CPU
		{0321022F-1067-4E3D-A140-0357A6DFECBB}.Debug|Any CPU.Build.0 = Debug|Any CPU
		{0321022F-1067-4E3D-A140-0357A6DFECBB}.Release|Any CPU.ActiveCfg = Release|Any CPU
		{0321022F-1067-4E3D-A140-0357A6DFECBB}.Release|Any CPU.Build.0 = Release|Any CPU
		{DD9974EC-B0BD-4F40-A6F3-A249D6371890}.Debug|Any CPU.ActiveCfg = Debug|Any CPU
		{DD9974EC-B0BD-4F40-A6F3-A249D6371890}.Debug|Any CPU.Build.0 = Debug|Any CPU
		{DD9974EC-B0BD-4F40-A6F3-A249D6371890}.Release|Any CPU.ActiveCfg = Release|Any CPU
		{DD9974EC-B0BD-4F40-A6F3-A249D6371890}.Release|Any CPU.Build.0 = Release|Any CPU
	EndGlobalSection
	GlobalSection(SolutionProperties) = preSolution
		HideSolutionNode = FALSE
	EndGlobalSection
	GlobalSection(NestedProjects) = preSolution
		{15E2762F-DD74-4F0D-8811-2E008AD9D37B} = {42973F50-66CD-452A-9F51-8094B6ADFB6B}
		{C57094AC-CF34-4239-A693-6362E2511F0A} = {15E2762F-DD74-4F0D-8811-2E008AD9D37B}
		{0321022F-1067-4E3D-A140-0357A6DFECBB} = {10EB4C29-01DD-4F87-B10D-C8CF330C7B13}
	EndGlobalSection
	GlobalSection(ExtensibilityGlobals) = postSolution
		SolutionGuid = {37948414-DE2F-4F12-A112-7EB6982A1FAF}
	EndGlobalSection
EndGlobal
